
Microsoft Visual Studio Solution File, Format Version 12.00
# Visual Studio 15
VisualStudioVersion = 15.0.27130.2027
MinimumVisualStudioVersion = 10.0.40219.1
Project("{FAE04EC0-301F-11D3-BF4B-00C04F79EFBC}") = "Pomorodo", "Pomorodo\Pomorodo.csproj", "{BD4506B7-A55C-419B-B12B-EF24F3EA5E71}"
EndProject
Global
	GlobalSection(SolutionConfigurationPlatforms) = preSolution
		Debug|Any CPU = Debug|Any CPU
		Release|Any CPU = Release|Any CPU
	EndGlobalSection
	GlobalSection(ProjectConfigurationPlatforms) = postSolution
		{BD4506B7-A55C-419B-B12B-EF24F3EA5E71}.Debug|Any CPU.ActiveCfg = Debug|Any CPU
		{BD4506B7-A55C-419B-B12B-EF24F3EA5E71}.Debug|Any CPU.Build.0 = Debug|Any CPU
		{BD4506B7-A55C-419B-B12B-EF24F3EA5E71}.Release|Any CPU.ActiveCfg = Release|Any CPU
		{BD4506B7-A55C-419B-B12B-EF24F3EA5E71}.Release|Any CPU.Build.0 = Release|Any CPU
	EndGlobalSection
	GlobalSection(SolutionProperties) = preSolution
		HideSolutionNode = FALSE
	EndGlobalSection
	GlobalSection(ExtensibilityGlobals) = postSolution
		SolutionGuid = {43860BC0-6356-4C9A-BF6E-9421DBDD7C06}
	EndGlobalSection
EndGlobal
